
Microsoft Visual Studio Solution File, Format Version 12.00
# Visual Studio Version 16
VisualStudioVersion = 16.0.30406.217
MinimumVisualStudioVersion = 10.0.40219.1
Project("{FAE04EC0-301F-11D3-BF4B-00C04F79EFBC}") = "SampleApp.Android", "SampleApp\SampleApp.Android\SampleApp.Android.csproj", "{AA819CAA-7307-4C3D-B882-47D9CDE3D145}"
EndProject
Project("{FAE04EC0-301F-11D3-BF4B-00C04F79EFBC}") = "SampleApp", "SampleApp\SampleApp\SampleApp.csproj", "{F4049404-AE5B-4B54-AACB-97E6435C49C1}"
EndProject
Global
	GlobalSection(SolutionConfigurationPlatforms) = preSolution
		Debug|Any CPU = Debug|Any CPU
		Release|Any CPU = Release|Any CPU
	EndGlobalSection
	GlobalSection(ProjectConfigurationPlatforms) = postSolution
		{AA819CAA-7307-4C3D-B882-47D9CDE3D145}.Debug|Any CPU.ActiveCfg = Debug|Any CPU
		{AA819CAA-7307-4C3D-B882-47D9CDE3D145}.Debug|Any CPU.Build.0 = Debug|Any CPU
		{AA819CAA-7307-4C3D-B882-47D9CDE3D145}.Debug|Any CPU.Deploy.0 = Debug|Any CPU
		{AA819CAA-7307-4C3D-B882-47D9CDE3D145}.Release|Any CPU.ActiveCfg = Release|Any CPU
		{AA819CAA-7307-4C3D-B882-47D9CDE3D145}.Release|Any CPU.Build.0 = Release|Any CPU
		{AA819CAA-7307-4C3D-B882-47D9CDE3D145}.Release|Any CPU.Deploy.0 = Release|Any CPU
		{F4049404-AE5B-4B54-AACB-97E6435C49C1}.Debug|Any CPU.ActiveCfg = Debug|Any CPU
		{F4049404-AE5B-4B54-AACB-97E6435C49C1}.Debug|Any CPU.Build.0 = Debug|Any CPU
		{F4049404-AE5B-4B54-AACB-97E6435C49C1}.Debug|Any CPU.Deploy.0 = Debug|Any CPU
		{F4049404-AE5B-4B54-AACB-97E6435C49C1}.Release|Any CPU.ActiveCfg = Release|Any CPU
		{F4049404-AE5B-4B54-AACB-97E6435C49C1}.Release|Any CPU.Build.0 = Release|Any CPU
		{F4049404-AE5B-4B54-AACB-97E6435C49C1}.Release|Any CPU.Deploy.0 = Release|Any CPU
	EndGlobalSection
	GlobalSection(SolutionProperties) = preSolution
		HideSolutionNode = FALSE
	EndGlobalSection
	GlobalSection(ExtensibilityGlobals) = postSolution
		SolutionGuid = {D8B0A17B-7F2E-48A9-96C2-CCC8F2F31711}
	EndGlobalSection
EndGlobal
